
Microsoft Visual Studio Solution File, Format Version 12.00
# Visual Studio Version 17
VisualStudioVersion = 17.11.35303.130
MinimumVisualStudioVersion = 10.0.40219.1
Project("{FAE04EC0-301F-11D3-BF4B-00C04F79EFBC}") = "RetroBat", "RetroBat.csproj", "{EDA30C2F-B494-4E1E-9473-7D0216CF9723}"
EndProject
Global
	GlobalSection(SolutionConfigurationPlatforms) = preSolution
		Debug|Any CPU = Debug|Any CPU
		Release|Any CPU = Release|Any CPU
	EndGlobalSection
	GlobalSection(ProjectConfigurationPlatforms) = postSolution
		{EDA30C2F-B494-4E1E-9473-7D0216CF9723}.Debug|Any CPU.ActiveCfg = Debug|Any CPU
		{EDA30C2F-B494-4E1E-9473-7D0216CF9723}.Debug|Any CPU.Build.0 = Debug|Any CPU
		{EDA30C2F-B494-4E1E-9473-7D0216CF9723}.Release|Any CPU.ActiveCfg = Release|Any CPU
		{EDA30C2F-B494-4E1E-9473-7D0216CF9723}.Release|Any CPU.Build.0 = Release|Any CPU
	EndGlobalSection
	GlobalSection(SolutionProperties) = preSolution
		HideSolutionNode = FALSE
	EndGlobalSection
	GlobalSection(ExtensibilityGlobals) = postSolution
		SolutionGuid = {E7257691-ED03-4FA7-92B5-18B78877A1C9}
	EndGlobalSection
EndGlobal
